
Microsoft Visual Studio Solution File, Format Version 12.00
# Visual Studio Version 17
VisualStudioVersion = 17.14.36109.1
MinimumVisualStudioVersion = 10.0.40219.1
Project("{FAE04EC0-301F-11D3-BF4B-00C04F79EFBC}") = "Learn2Code.API", "Learn2Code.API\Learn2Code.API.csproj", "{E264A2AF-E32B-408E-B4EA-6363C8B9C908}"
EndProject
Project("{FAE04EC0-301F-11D3-BF4B-00C04F79EFBC}") = "Learn2Code.Application", "Learn2Code.Application\Learn2Code.Application.csproj", "{8C3D5B48-BA2D-4E9E-9779-C65D4CADA6B6}"
EndProject
Project("{FAE04EC0-301F-11D3-BF4B-00C04F79EFBC}") = "Learn2Code.Infrastructure", "Learn2Code.Infrastructure\Learn2Code.Infrastructure.csproj", "{E844E09B-BCC7-4781-B60F-0FE787B61A42}"
EndProject
Project("{FAE04EC0-301F-11D3-BF4B-00C04F79EFBC}") = "Learn2Code.Domain", "Learn2Code.Domain\Learn2Code.Domain.csproj", "{31976757-6945-4F0D-AEC7-E36ED28F949E}"
EndProject
Global
	GlobalSection(SolutionConfigurationPlatforms) = preSolution
		Debug|Any CPU = Debug|Any CPU
		Release|Any CPU = Release|Any CPU
	EndGlobalSection
	GlobalSection(ProjectConfigurationPlatforms) = postSolution
		{E264A2AF-E32B-408E-B4EA-6363C8B9C908}.Debug|Any CPU.ActiveCfg = Debug|Any CPU
		{E264A2AF-E32B-408E-B4EA-6363C8B9C908}.Debug|Any CPU.Build.0 = Debug|Any CPU
		{E264A2AF-E32B-408E-B4EA-6363C8B9C908}.Release|Any CPU.ActiveCfg = Release|Any CPU
		{E264A2AF-E32B-408E-B4EA-6363C8B9C908}.Release|Any CPU.Build.0 = Release|Any CPU
		{8C3D5B48-BA2D-4E9E-9779-C65D4CADA6B6}.Debug|Any CPU.ActiveCfg = Debug|Any CPU
		{8C3D5B48-BA2D-4E9E-9779-C65D4CADA6B6}.Debug|Any CPU.Build.0 = Debug|Any CPU
		{8C3D5B48-BA2D-4E9E-9779-C65D4CADA6B6}.Release|Any CPU.ActiveCfg = Release|Any CPU
		{8C3D5B48-BA2D-4E9E-9779-C65D4CADA6B6}.Release|Any CPU.Build.0 = Release|Any CPU
		{E844E09B-BCC7-4781-B60F-0FE787B61A42}.Debug|Any CPU.ActiveCfg = Debug|Any CPU
		{E844E09B-BCC7-4781-B60F-0FE787B61A42}.Debug|Any CPU.Build.0 = Debug|Any CPU
		{E844E09B-BCC7-4781-B60F-0FE787B61A42}.Release|Any CPU.ActiveCfg = Release|Any CPU
		{E844E09B-BCC7-4781-B60F-0FE787B61A42}.Release|Any CPU.Build.0 = Release|Any CPU
		{31976757-6945-4F0D-AEC7-E36ED28F949E}.Debug|Any CPU.ActiveCfg = Debug|Any CPU
		{31976757-6945-4F0D-AEC7-E36ED28F949E}.Debug|Any CPU.Build.0 = Debug|Any CPU
		{31976757-6945-4F0D-AEC7-E36ED28F949E}.Release|Any CPU.ActiveCfg = Release|Any CPU
		{31976757-6945-4F0D-AEC7-E36ED28F949E}.Release|Any CPU.Build.0 = Release|Any CPU
	EndGlobalSection
	GlobalSection(SolutionProperties) = preSolution
		HideSolutionNode = FALSE
	EndGlobalSection
	GlobalSection(ExtensibilityGlobals) = postSolution
		SolutionGuid = {20967797-4C64-4175-AEF5-E50B6041DFD2}
	EndGlobalSection
EndGlobal
